
Microsoft Visual Studio Solution File, Format Version 12.00
# Visual Studio Version 17
VisualStudioVersion = 17.11.35222.181
MinimumVisualStudioVersion = 10.0.40219.1
Project("{FAE04EC0-301F-11D3-BF4B-00C04F79EFBC}") = "TomasSampietro.EjerciciosExtras.IOTPozos", "TomasSampietro.EjerciciosExtras.IOTPozos.csproj", "{8450B67D-D677-4F06-BC6A-525212DDE02F}"
EndProject
Global
	GlobalSection(SolutionConfigurationPlatforms) = preSolution
		Debug|Any CPU = Debug|Any CPU
		Release|Any CPU = Release|Any CPU
	EndGlobalSection
	GlobalSection(ProjectConfigurationPlatforms) = postSolution
		{8450B67D-D677-4F06-BC6A-525212DDE02F}.Debug|Any CPU.ActiveCfg = Debug|Any CPU
		{8450B67D-D677-4F06-BC6A-525212DDE02F}.Debug|Any CPU.Build.0 = Debug|Any CPU
		{8450B67D-D677-4F06-BC6A-525212DDE02F}.Release|Any CPU.ActiveCfg = Release|Any CPU
		{8450B67D-D677-4F06-BC6A-525212DDE02F}.Release|Any CPU.Build.0 = Release|Any CPU
	EndGlobalSection
	GlobalSection(SolutionProperties) = preSolution
		HideSolutionNode = FALSE
	EndGlobalSection
	GlobalSection(ExtensibilityGlobals) = postSolution
		SolutionGuid = {CBC70380-5948-41CC-BF7B-38F4B98F3A13}
	EndGlobalSection
EndGlobal
